<Solution>
  <Project Path="CovaldysPilot.API/CovaldysPilot.API.csproj" />
  <Project Path="CovaldysPilot.Application/CovaldysPilot.Application.csproj" />
  <Project Path="CovaldysPilot.Domain/CovaldysPilot.Domain.csproj" />
  <Project Path="CovaldysPilot.Infrastructure/CovaldysPilot.Infrastructure.csproj" />
  <Project Path="CovaldysPilot.Tests/CovaldysPilot.Tests.csproj" />
</Solution>
